
Microsoft Visual Studio Solution File, Format Version 12.00
# Visual Studio 15
VisualStudioVersion = 15.0.28010.2046
MinimumVisualStudioVersion = 10.0.40219.1
Project("{FAE04EC0-301F-11D3-BF4B-00C04F79EFBC}") = "BookLibrary.API", "BookLibrary.API\BookLibrary.API.csproj", "{CF491D3C-CCF6-4CD2-93D4-7A1D7F852D4A}"
EndProject
Project("{FAE04EC0-301F-11D3-BF4B-00C04F79EFBC}") = "BookLibrary.APP", "BookLibrary.APP\BookLibrary.APP.csproj", "{5123E8DA-3829-4802-845D-57BF151E8642}"
EndProject
Global
	GlobalSection(SolutionConfigurationPlatforms) = preSolution
		Debug|Any CPU = Debug|Any CPU
		Release|Any CPU = Release|Any CPU
	EndGlobalSection
	GlobalSection(ProjectConfigurationPlatforms) = postSolution
		{CF491D3C-CCF6-4CD2-93D4-7A1D7F852D4A}.Debug|Any CPU.ActiveCfg = Debug|Any CPU
		{CF491D3C-CCF6-4CD2-93D4-7A1D7F852D4A}.Debug|Any CPU.Build.0 = Debug|Any CPU
		{CF491D3C-CCF6-4CD2-93D4-7A1D7F852D4A}.Release|Any CPU.ActiveCfg = Release|Any CPU
		{CF491D3C-CCF6-4CD2-93D4-7A1D7F852D4A}.Release|Any CPU.Build.0 = Release|Any CPU
		{5123E8DA-3829-4802-845D-57BF151E8642}.Debug|Any CPU.ActiveCfg = Debug|Any CPU
		{5123E8DA-3829-4802-845D-57BF151E8642}.Debug|Any CPU.Build.0 = Debug|Any CPU
		{5123E8DA-3829-4802-845D-57BF151E8642}.Release|Any CPU.ActiveCfg = Release|Any CPU
		{5123E8DA-3829-4802-845D-57BF151E8642}.Release|Any CPU.Build.0 = Release|Any CPU
	EndGlobalSection
	GlobalSection(SolutionProperties) = preSolution
		HideSolutionNode = FALSE
	EndGlobalSection
	GlobalSection(ExtensibilityGlobals) = postSolution
		SolutionGuid = {F33E1FE6-0395-45B6-BDFE-7AE1A7A6E13C}
	EndGlobalSection
EndGlobal
